
Microsoft Visual Studio Solution File, Format Version 12.00
# Visual Studio 15
VisualStudioVersion = 15.0.33026.149
MinimumVisualStudioVersion = 10.0.40219.1
Project("{FAE04EC0-301F-11D3-BF4B-00C04F79EFBC}") = "MODULO_CEDIS", "MODULO_CEDIS\MODULO_CEDIS.csproj", "{DCA42DB0-2E36-4192-BF91-81CA04FFF259}"
EndProject
Project("{2150E333-8FDC-42A3-9474-1A3956D46DE8}") = "Capa_Datos", "Capa_Datos", "{109D7DFE-AACF-4182-8C23-5954117A05C0}"
EndProject
Project("{2150E333-8FDC-42A3-9474-1A3956D46DE8}") = "Capa_Presentacion", "Capa_Presentacion", "{FA58C00B-E9F6-4133-A7E9-01E4A01A8049}"
EndProject
Project("{FAE04EC0-301F-11D3-BF4B-00C04F79EFBC}") = "conexionBD", "conexionBD\conexionBD.csproj", "{A0DB196D-D5EB-4B0A-98C8-8036ED3347C4}"
EndProject
Project("{2150E333-8FDC-42A3-9474-1A3956D46DE8}") = "Reportes", "Reportes", "{F124FCAE-B50A-494E-A532-379D84E35585}"
EndProject
Global
	GlobalSection(SolutionConfigurationPlatforms) = preSolution
		Debug|Any CPU = Debug|Any CPU
		Release|Any CPU = Release|Any CPU
	EndGlobalSection
	GlobalSection(ProjectConfigurationPlatforms) = postSolution
		{DCA42DB0-2E36-4192-BF91-81CA04FFF259}.Debug|Any CPU.ActiveCfg = Debug|Any CPU
		{DCA42DB0-2E36-4192-BF91-81CA04FFF259}.Debug|Any CPU.Build.0 = Debug|Any CPU
		{DCA42DB0-2E36-4192-BF91-81CA04FFF259}.Release|Any CPU.ActiveCfg = Release|Any CPU
		{DCA42DB0-2E36-4192-BF91-81CA04FFF259}.Release|Any CPU.Build.0 = Release|Any CPU
		{A0DB196D-D5EB-4B0A-98C8-8036ED3347C4}.Debug|Any CPU.ActiveCfg = Debug|Any CPU
		{A0DB196D-D5EB-4B0A-98C8-8036ED3347C4}.Debug|Any CPU.Build.0 = Debug|Any CPU
		{A0DB196D-D5EB-4B0A-98C8-8036ED3347C4}.Release|Any CPU.ActiveCfg = Release|Any CPU
		{A0DB196D-D5EB-4B0A-98C8-8036ED3347C4}.Release|Any CPU.Build.0 = Release|Any CPU
	EndGlobalSection
	GlobalSection(SolutionProperties) = preSolution
		HideSolutionNode = FALSE
	EndGlobalSection
	GlobalSection(NestedProjects) = preSolution
		{DCA42DB0-2E36-4192-BF91-81CA04FFF259} = {FA58C00B-E9F6-4133-A7E9-01E4A01A8049}
		{A0DB196D-D5EB-4B0A-98C8-8036ED3347C4} = {109D7DFE-AACF-4182-8C23-5954117A05C0}
		{F124FCAE-B50A-494E-A532-379D84E35585} = {FA58C00B-E9F6-4133-A7E9-01E4A01A8049}
	EndGlobalSection
	GlobalSection(ExtensibilityGlobals) = postSolution
		SolutionGuid = {240987FB-455C-46F8-B3D9-FE244B8C20A2}
	EndGlobalSection
EndGlobal
